
Microsoft Visual Studio Solution File, Format Version 12.00
# Visual Studio Version 17
VisualStudioVersion = 17.11.35222.181
MinimumVisualStudioVersion = 10.0.40219.1
Project("{FAE04EC0-301F-11D3-BF4B-00C04F79EFBC}") = "ProjKozmetika", "ProjKozmetika\ProjKozmetika.csproj", "{F3B7825F-7EE9-437B-9F0B-629B9290630E}"
EndProject
Global
	GlobalSection(SolutionConfigurationPlatforms) = preSolution
		Debug|Any CPU = Debug|Any CPU
		Release|Any CPU = Release|Any CPU
	EndGlobalSection
	GlobalSection(ProjectConfigurationPlatforms) = postSolution
		{F3B7825F-7EE9-437B-9F0B-629B9290630E}.Debug|Any CPU.ActiveCfg = Debug|Any CPU
		{F3B7825F-7EE9-437B-9F0B-629B9290630E}.Debug|Any CPU.Build.0 = Debug|Any CPU
		{F3B7825F-7EE9-437B-9F0B-629B9290630E}.Release|Any CPU.ActiveCfg = Release|Any CPU
		{F3B7825F-7EE9-437B-9F0B-629B9290630E}.Release|Any CPU.Build.0 = Release|Any CPU
	EndGlobalSection
	GlobalSection(SolutionProperties) = preSolution
		HideSolutionNode = FALSE
	EndGlobalSection
	GlobalSection(ExtensibilityGlobals) = postSolution
		SolutionGuid = {E6D5AEBB-E21F-495A-BA44-1BC38807D3E9}
	EndGlobalSection
EndGlobal
